
Microsoft Visual Studio Solution File, Format Version 12.00
# Visual Studio Version 17
VisualStudioVersion = 17.4.33110.190
MinimumVisualStudioVersion = 10.0.40219.1
Project("{FAE04EC0-301F-11D3-BF4B-00C04F79EFBC}") = "Git_Tutorial", "Git_Tutorial\Git_Tutorial.csproj", "{E76A3AFA-6752-437F-86DC-140D74B4D682}"
EndProject
Global
	GlobalSection(SolutionConfigurationPlatforms) = preSolution
		Debug|Any CPU = Debug|Any CPU
		Release|Any CPU = Release|Any CPU
	EndGlobalSection
	GlobalSection(ProjectConfigurationPlatforms) = postSolution
		{E76A3AFA-6752-437F-86DC-140D74B4D682}.Debug|Any CPU.ActiveCfg = Debug|Any CPU
		{E76A3AFA-6752-437F-86DC-140D74B4D682}.Debug|Any CPU.Build.0 = Debug|Any CPU
		{E76A3AFA-6752-437F-86DC-140D74B4D682}.Release|Any CPU.ActiveCfg = Release|Any CPU
		{E76A3AFA-6752-437F-86DC-140D74B4D682}.Release|Any CPU.Build.0 = Release|Any CPU
	EndGlobalSection
	GlobalSection(SolutionProperties) = preSolution
		HideSolutionNode = FALSE
	EndGlobalSection
	GlobalSection(ExtensibilityGlobals) = postSolution
		SolutionGuid = {482F0D4A-FB63-4BA1-A644-D186C4D0B9B0}
	EndGlobalSection
EndGlobal
